
Microsoft Visual Studio Solution File, Format Version 12.00
# Visual Studio Version 16
VisualStudioVersion = 16.0.30907.101
MinimumVisualStudioVersion = 10.0.40219.1
Project("{8BC9CEB8-8B4A-11D0-8D11-00A0C91BC942}") = "ZILab3", "ZILab3\ZILab3.vcxproj", "{DADAB82E-19E9-4BC5-9B26-321959E18AC5}"
EndProject
Global
	GlobalSection(SolutionConfigurationPlatforms) = preSolution
		Debug|x64 = Debug|x64
		Debug|x86 = Debug|x86
		Release|x64 = Release|x64
		Release|x86 = Release|x86
	EndGlobalSection
	GlobalSection(ProjectConfigurationPlatforms) = postSolution
		{DADAB82E-19E9-4BC5-9B26-321959E18AC5}.Debug|x64.ActiveCfg = Debug|x64
		{DADAB82E-19E9-4BC5-9B26-321959E18AC5}.Debug|x64.Build.0 = Debug|x64
		{DADAB82E-19E9-4BC5-9B26-321959E18AC5}.Debug|x86.ActiveCfg = Debug|Win32
		{DADAB82E-19E9-4BC5-9B26-321959E18AC5}.Debug|x86.Build.0 = Debug|Win32
		{DADAB82E-19E9-4BC5-9B26-321959E18AC5}.Release|x64.ActiveCfg = Release|x64
		{DADAB82E-19E9-4BC5-9B26-321959E18AC5}.Release|x64.Build.0 = Release|x64
		{DADAB82E-19E9-4BC5-9B26-321959E18AC5}.Release|x86.ActiveCfg = Release|Win32
		{DADAB82E-19E9-4BC5-9B26-321959E18AC5}.Release|x86.Build.0 = Release|Win32
	EndGlobalSection
	GlobalSection(SolutionProperties) = preSolution
		HideSolutionNode = FALSE
	EndGlobalSection
	GlobalSection(ExtensibilityGlobals) = postSolution
		SolutionGuid = {B2775752-9409-4A3A-890A-4846C49590D4}
	EndGlobalSection
EndGlobal
